
Microsoft Visual Studio Solution File, Format Version 12.00
# Visual Studio 15
VisualStudioVersion = 15.0.26228.12
MinimumVisualStudioVersion = 10.0.40219.1
Project("{9092AA53-FB77-4645-B42D-1CCCA6BD08BD}") = "WzrdRedux", "WzrdRedux\WzrdRedux.njsproj", "{8824670D-E9A9-4147-A7D4-89504FD21FDD}"
EndProject
Global
	GlobalSection(SolutionConfigurationPlatforms) = preSolution
		Debug|Any CPU = Debug|Any CPU
		Release|Any CPU = Release|Any CPU
	EndGlobalSection
	GlobalSection(ProjectConfigurationPlatforms) = postSolution
		{8824670D-E9A9-4147-A7D4-89504FD21FDD}.Debug|Any CPU.ActiveCfg = Debug|Any CPU
		{8824670D-E9A9-4147-A7D4-89504FD21FDD}.Debug|Any CPU.Build.0 = Debug|Any CPU
		{8824670D-E9A9-4147-A7D4-89504FD21FDD}.Release|Any CPU.ActiveCfg = Release|Any CPU
		{8824670D-E9A9-4147-A7D4-89504FD21FDD}.Release|Any CPU.Build.0 = Release|Any CPU
	EndGlobalSection
	GlobalSection(SolutionProperties) = preSolution
		HideSolutionNode = FALSE
	EndGlobalSection
EndGlobal
